speakeasyVersion: 1.768.2
sources:
    SolarWinds Observability:
        sourceNamespace: solar-winds-observability
        sourceRevisionDigest: sha256:3cc230b810b0eecf16ed3e7f9a57545f19c49bf2720ff23144a41ba0558922d7
        sourceBlobDigest: sha256:ecf46313557ac7ff0a1ff0ac534f7553e594cb7fa75ebe01a312e3d18fa8c936
        tags:
            - latest
            - 1.0.5
    swov1:
        sourceNamespace: solar-winds-observability
        sourceRevisionDigest: sha256:52c71f803e645a3757cb2996af4b9261fe6988d091f168809431217254e9f939
        sourceBlobDigest: sha256:6547cce4388a7adf394cf6ded08ba13603f7e1c605d5142d66d1fe35ab4c487d
        tags:
            - latest
            - 1.0.16
targets:
    swo:
        source: SolarWinds Observability
        sourceNamespace: solar-winds-observability
        sourceRevisionDigest: sha256:3cc230b810b0eecf16ed3e7f9a57545f19c49bf2720ff23144a41ba0558922d7
        sourceBlobDigest: sha256:ecf46313557ac7ff0a1ff0ac534f7553e594cb7fa75ebe01a312e3d18fa8c936
        codeSamplesNamespace: solar-winds-observability-typescript-code-samples
        codeSamplesRevisionDigest: sha256:4bf87fc9bf1faf72993f86f97c12caa7d57dfef5b4b9cbcae1bfc6ec2f92c6b5
    swov1:
        source: swov1
        sourceNamespace: solar-winds-observability
        sourceRevisionDigest: sha256:52c71f803e645a3757cb2996af4b9261fe6988d091f168809431217254e9f939
        sourceBlobDigest: sha256:6547cce4388a7adf394cf6ded08ba13603f7e1c605d5142d66d1fe35ab4c487d
        codeSamplesNamespace: solar-winds-observability-typescript-code-samples
        codeSamplesRevisionDigest: sha256:1f2f84d95da23ee0859bfd054e9af1c444d1b4421b0d8f7a049572f2d0d42ffa
workflow:
    workflowVersion: 1.0.0
    speakeasyVersion: latest
    sources:
        swov1:
            inputs:
                - location: https://api.na-01.cloud.solarwinds.com/v1/openapi.json
            overlays:
                - location: swov1/.speakeasy/overlays/auth.yaml
            registry:
                location: registry.speakeasyapi.dev/swo/swo/solar-winds-observability
    targets:
        swov1:
            target: typescript
            source: swov1
            output: swov1
            publish:
                npm:
                    token: $npm_token
            codeSamples:
                registry:
                    location: registry.speakeasyapi.dev/swo/swo/solar-winds-observability-typescript-code-samples
                labelOverride:
                    fixedValue: Typescript (SDK)
                blocking: false
