speakeasyVersion: 1.763.0
sources:
    SolarWinds Observability:
        sourceNamespace: solar-winds-observability
        sourceRevisionDigest: sha256:3cc230b810b0eecf16ed3e7f9a57545f19c49bf2720ff23144a41ba0558922d7
        sourceBlobDigest: sha256:ecf46313557ac7ff0a1ff0ac534f7553e594cb7fa75ebe01a312e3d18fa8c936
        tags:
            - latest
            - 1.0.5
    swov1:
        sourceNamespace: solar-winds-observability
        sourceRevisionDigest: sha256:a4560e75489347e589b531e297c8fdb52a24587a4279e725233b8f7e921ff3e9
        sourceBlobDigest: sha256:6d37d98b12599fe7ab5bebb87d91e0daca3704950bdcb84a50d4b89432e1cb20
        tags:
            - latest
            - 1.0.16
targets:
    swo:
        source: SolarWinds Observability
        sourceNamespace: solar-winds-observability
        sourceRevisionDigest: sha256:3cc230b810b0eecf16ed3e7f9a57545f19c49bf2720ff23144a41ba0558922d7
        sourceBlobDigest: sha256:ecf46313557ac7ff0a1ff0ac534f7553e594cb7fa75ebe01a312e3d18fa8c936
        codeSamplesNamespace: solar-winds-observability-typescript-code-samples
        codeSamplesRevisionDigest: sha256:4bf87fc9bf1faf72993f86f97c12caa7d57dfef5b4b9cbcae1bfc6ec2f92c6b5
    swov1:
        source: swov1
        sourceNamespace: solar-winds-observability
        sourceRevisionDigest: sha256:a4560e75489347e589b531e297c8fdb52a24587a4279e725233b8f7e921ff3e9
        sourceBlobDigest: sha256:6d37d98b12599fe7ab5bebb87d91e0daca3704950bdcb84a50d4b89432e1cb20
        codeSamplesNamespace: solar-winds-observability-typescript-code-samples
        codeSamplesRevisionDigest: sha256:f310d1a7d4cf09dc82a2f296682b02f4ab778353aae046e149ba27a6d6f5502e
workflow:
    workflowVersion: 1.0.0
    speakeasyVersion: latest
    sources:
        swov1:
            inputs:
                - location: https://api.na-01.cloud.solarwinds.com/v1/openapi.json
            overlays:
                - location: swov1/.speakeasy/overlays/auth.yaml
            registry:
                location: registry.speakeasyapi.dev/swo/swo/solar-winds-observability
    targets:
        swov1:
            target: typescript
            source: swov1
            output: swov1
            publish:
                npm:
                    token: $npm_token
            codeSamples:
                registry:
                    location: registry.speakeasyapi.dev/swo/swo/solar-winds-observability-typescript-code-samples
                labelOverride:
                    fixedValue: Typescript (SDK)
                blocking: false
