speakeasyVersion: 1.759.1
sources:
    SolarWinds Observability:
        sourceNamespace: solar-winds-observability
        sourceRevisionDigest: sha256:3cc230b810b0eecf16ed3e7f9a57545f19c49bf2720ff23144a41ba0558922d7
        sourceBlobDigest: sha256:ecf46313557ac7ff0a1ff0ac534f7553e594cb7fa75ebe01a312e3d18fa8c936
        tags:
            - latest
            - 1.0.5
    swov1:
        sourceNamespace: solar-winds-observability
        sourceRevisionDigest: sha256:3a8d3d53ce075aabc4d4ef6c8d2d4a28a3800e834f0f4b45c6fbe78f69b34e61
        sourceBlobDigest: sha256:c12784972d3c9d163f644dca83fdb7f01d53e2ee9dfbbdad8fc9366f3d36fe40
        tags:
            - latest
            - 1.0.14
targets:
    swo:
        source: SolarWinds Observability
        sourceNamespace: solar-winds-observability
        sourceRevisionDigest: sha256:3cc230b810b0eecf16ed3e7f9a57545f19c49bf2720ff23144a41ba0558922d7
        sourceBlobDigest: sha256:ecf46313557ac7ff0a1ff0ac534f7553e594cb7fa75ebe01a312e3d18fa8c936
        codeSamplesNamespace: solar-winds-observability-typescript-code-samples
        codeSamplesRevisionDigest: sha256:4bf87fc9bf1faf72993f86f97c12caa7d57dfef5b4b9cbcae1bfc6ec2f92c6b5
    swov1:
        source: swov1
        sourceNamespace: solar-winds-observability
        sourceRevisionDigest: sha256:3a8d3d53ce075aabc4d4ef6c8d2d4a28a3800e834f0f4b45c6fbe78f69b34e61
        sourceBlobDigest: sha256:c12784972d3c9d163f644dca83fdb7f01d53e2ee9dfbbdad8fc9366f3d36fe40
        codeSamplesNamespace: solar-winds-observability-typescript-code-samples
        codeSamplesRevisionDigest: sha256:caa50a2d6217b5334860f18c8e2b577010a5bc8cbe3de9cb14e251fb9fea12f1
workflow:
    workflowVersion: 1.0.0
    speakeasyVersion: latest
    sources:
        swov1:
            inputs:
                - location: https://api.na-01.cloud.solarwinds.com/v1/openapi.json
            overlays:
                - location: swov1/.speakeasy/overlays/auth.yaml
            registry:
                location: registry.speakeasyapi.dev/swo/swo/solar-winds-observability
    targets:
        swov1:
            target: typescript
            source: swov1
            output: swov1
            publish:
                npm:
                    token: $npm_token
            codeSamples:
                registry:
                    location: registry.speakeasyapi.dev/swo/swo/solar-winds-observability-typescript-code-samples
                labelOverride:
                    fixedValue: Typescript (SDK)
                blocking: false
